
Microsoft Visual Studio Solution File, Format Version 12.00
# Visual Studio Version 17
VisualStudioVersion = 17.5.33530.505
MinimumVisualStudioVersion = 10.0.40219.1
Project("{FAE04EC0-301F-11D3-BF4B-00C04F79EFBC}") = "HangfireWebApp", "HangfireWebApp\HangfireWebApp.csproj", "{C7609C50-D199-4A82-90F0-3DA9A30AFC17}"
EndProject
Global
	GlobalSection(SolutionConfigurationPlatforms) = preSolution
		Debug|Any CPU = Debug|Any CPU
		Release|Any CPU = Release|Any CPU
	EndGlobalSection
	GlobalSection(ProjectConfigurationPlatforms) = postSolution
		{C7609C50-D199-4A82-90F0-3DA9A30AFC17}.Debug|Any CPU.ActiveCfg = Debug|Any CPU
		{C7609C50-D199-4A82-90F0-3DA9A30AFC17}.Debug|Any CPU.Build.0 = Debug|Any CPU
		{C7609C50-D199-4A82-90F0-3DA9A30AFC17}.Release|Any CPU.ActiveCfg = Release|Any CPU
		{C7609C50-D199-4A82-90F0-3DA9A30AFC17}.Release|Any CPU.Build.0 = Release|Any CPU
	EndGlobalSection
	GlobalSection(SolutionProperties) = preSolution
		HideSolutionNode = FALSE
	EndGlobalSection
	GlobalSection(ExtensibilityGlobals) = postSolution
		SolutionGuid = {21724D00-9073-4CF9-B751-1440E68E2911}
	EndGlobalSection
EndGlobal
